
Microsoft Visual Studio Solution File, Format Version 12.00
# Visual Studio Version 17
VisualStudioVersion = 17.7.34202.233
MinimumVisualStudioVersion = 10.0.40219.1
Project("{FAE04EC0-301F-11D3-BF4B-00C04F79EFBC}") = "SimpleCalculator", "SimpleCalculator\SimpleCalculator.csproj", "{4D9D0241-1BFD-46F2-A272-629125E44314}"
EndProject
Project("{FAE04EC0-301F-11D3-BF4B-00C04F79EFBC}") = "SimpleCalculatorTests", "SimpleCalculatorTests\SimpleCalculatorTests.csproj", "{C245DA7D-390F-426A-BA6A-A6157A33DD94}"
EndProject
Global
	GlobalSection(SolutionConfigurationPlatforms) = preSolution
		Debug|Any CPU = Debug|Any CPU
		Release|Any CPU = Release|Any CPU
	EndGlobalSection
	GlobalSection(ProjectConfigurationPlatforms) = postSolution
		{4D9D0241-1BFD-46F2-A272-629125E44314}.Debug|Any CPU.ActiveCfg = Debug|Any CPU
		{4D9D0241-1BFD-46F2-A272-629125E44314}.Debug|Any CPU.Build.0 = Debug|Any CPU
		{4D9D0241-1BFD-46F2-A272-629125E44314}.Release|Any CPU.ActiveCfg = Release|Any CPU
		{4D9D0241-1BFD-46F2-A272-629125E44314}.Release|Any CPU.Build.0 = Release|Any CPU
		{C245DA7D-390F-426A-BA6A-A6157A33DD94}.Debug|Any CPU.ActiveCfg = Debug|Any CPU
		{C245DA7D-390F-426A-BA6A-A6157A33DD94}.Debug|Any CPU.Build.0 = Debug|Any CPU
		{C245DA7D-390F-426A-BA6A-A6157A33DD94}.Release|Any CPU.ActiveCfg = Release|Any CPU
		{C245DA7D-390F-426A-BA6A-A6157A33DD94}.Release|Any CPU.Build.0 = Release|Any CPU
	EndGlobalSection
	GlobalSection(SolutionProperties) = preSolution
		HideSolutionNode = FALSE
	EndGlobalSection
	GlobalSection(ExtensibilityGlobals) = postSolution
		SolutionGuid = {54B227FE-CEBC-4F72-B33D-D45063FADB5C}
	EndGlobalSection
EndGlobal
